
Microsoft Visual Studio Solution File, Format Version 12.00
# Visual Studio Version 17
VisualStudioVersion = 17.3.32922.545
MinimumVisualStudioVersion = 10.0.40219.1
Project("{FAE04EC0-301F-11D3-BF4B-00C04F79EFBC}") = "Telegram", "Telegram\Telegram.csproj", "{EBA5E8C8-2C2D-4378-8261-FBAB3ED44B85}"
EndProject
Global
	GlobalSection(SolutionConfigurationPlatforms) = preSolution
		Debug|Any CPU = Debug|Any CPU
		Release|Any CPU = Release|Any CPU
	EndGlobalSection
	GlobalSection(ProjectConfigurationPlatforms) = postSolution
		{EBA5E8C8-2C2D-4378-8261-FBAB3ED44B85}.Debug|Any CPU.ActiveCfg = Debug|Any CPU
		{EBA5E8C8-2C2D-4378-8261-FBAB3ED44B85}.Debug|Any CPU.Build.0 = Debug|Any CPU
		{EBA5E8C8-2C2D-4378-8261-FBAB3ED44B85}.Release|Any CPU.ActiveCfg = Release|Any CPU
		{EBA5E8C8-2C2D-4378-8261-FBAB3ED44B85}.Release|Any CPU.Build.0 = Release|Any CPU
	EndGlobalSection
	GlobalSection(SolutionProperties) = preSolution
		HideSolutionNode = FALSE
	EndGlobalSection
	GlobalSection(ExtensibilityGlobals) = postSolution
		SolutionGuid = {586B34DC-A33B-45B7-B464-3B9730000A85}
	EndGlobalSection
EndGlobal
